
Microsoft Visual Studio Solution File, Format Version 12.00
# Visual Studio 15
VisualStudioVersion = 15.0.26730.15
MinimumVisualStudioVersion = 10.0.40219.1
Project("{FAE04EC0-301F-11D3-BF4B-00C04F79EFBC}") = "Umbraco", "Umbraco\Umbraco.csproj", "{5FBBE6C7-E14B-4571-970C-984947A4E26A}"
EndProject
Global
	GlobalSection(SolutionConfigurationPlatforms) = preSolution
		Debug|Any CPU = Debug|Any CPU
		Release|Any CPU = Release|Any CPU
	EndGlobalSection
	GlobalSection(ProjectConfigurationPlatforms) = postSolution
		{5FBBE6C7-E14B-4571-970C-984947A4E26A}.Debug|Any CPU.ActiveCfg = Debug|Any CPU
		{5FBBE6C7-E14B-4571-970C-984947A4E26A}.Debug|Any CPU.Build.0 = Debug|Any CPU
		{5FBBE6C7-E14B-4571-970C-984947A4E26A}.Release|Any CPU.ActiveCfg = Release|Any CPU
		{5FBBE6C7-E14B-4571-970C-984947A4E26A}.Release|Any CPU.Build.0 = Release|Any CPU
	EndGlobalSection
	GlobalSection(SolutionProperties) = preSolution
		HideSolutionNode = FALSE
	EndGlobalSection
	GlobalSection(ExtensibilityGlobals) = postSolution
		SolutionGuid = {CBB0F95B-CB8F-4F29-83E4-258D115553EE}
	EndGlobalSection
EndGlobal
